
Microsoft Visual Studio Solution File, Format Version 12.00
# Visual Studio Version 16
VisualStudioVersion = 16.0.30114.105
MinimumVisualStudioVersion = 10.0.40219.1
Project("{FAE04EC0-301F-11D3-BF4B-00C04F79EFBC}") = "HTTPTriggerFunction", "HTTPTriggerFunction.csproj", "{9B8CFFB2-C285-4008-A2F6-2AE04CA5365D}"
EndProject
Global
	GlobalSection(SolutionConfigurationPlatforms) = preSolution
		Debug|Any CPU = Debug|Any CPU
		Release|Any CPU = Release|Any CPU
	EndGlobalSection
	GlobalSection(ProjectConfigurationPlatforms) = postSolution
		{9B8CFFB2-C285-4008-A2F6-2AE04CA5365D}.Debug|Any CPU.ActiveCfg = Debug|Any CPU
		{9B8CFFB2-C285-4008-A2F6-2AE04CA5365D}.Debug|Any CPU.Build.0 = Debug|Any CPU
		{9B8CFFB2-C285-4008-A2F6-2AE04CA5365D}.Release|Any CPU.ActiveCfg = Release|Any CPU
		{9B8CFFB2-C285-4008-A2F6-2AE04CA5365D}.Release|Any CPU.Build.0 = Release|Any CPU
	EndGlobalSection
	GlobalSection(SolutionProperties) = preSolution
		HideSolutionNode = FALSE
	EndGlobalSection
	GlobalSection(ExtensibilityGlobals) = postSolution
		SolutionGuid = {876434E9-153C-4EFF-97AA-0CC3A58A6F27}
	EndGlobalSection
EndGlobal
